{
  "version": 4,
  "terraform_version": "1.9.8",
  "serial": 3,
  "lineage": "3ddd4675-a411-05cf-1778-181a983ac2ac",
  "outputs": {},
  "resources": [
    {
      "mode": "managed",
      "type": "azuread_user",
      "name": "new_user",
      "provider": "provider[\"registry.terraform.io/hashicorp/azuread\"]",
      "instances": [
        {
          "schema_version": 1,
          "attributes": {
            "about_me": "",
            "account_enabled": true,
            "age_group": "",
            "business_phones": [],
            "city": "",
            "company_name": "",
            "consent_provided_for_minor": "",
            "cost_center": "",
            "country": "",
            "creation_type": "",
            "department": "",
            "disable_password_expiration": false,
            "disable_strong_password": false,
            "display_name": "admin dbz2",
            "division": "",
            "employee_id": "",
            "employee_type": "",
            "external_user_state": "",
            "fax_number": "",
            "force_password_change": true,
            "given_name": "",
            "id": "/users/fb6aa868-dc13-4024-aee4-7141a68eed5d",
            "im_addresses": [],
            "job_title": "",
            "mail": "",
            "mail_nickname": "admindbz2",
            "manager_id": "",
            "mobile_phone": "",
            "object_id": "fb6aa868-dc13-4024-aee4-7141a68eed5d",
            "office_location": "",
            "onpremises_distinguished_name": "",
            "onpremises_domain_name": "",
            "onpremises_immutable_id": "",
            "onpremises_sam_account_name": "",
            "onpremises_security_identifier": "",
            "onpremises_sync_enabled": false,
            "onpremises_user_principal_name": "",
            "other_mails": null,
            "password": "Duca952765!",
            "postal_code": "",
            "preferred_language": "",
            "proxy_addresses": [],
            "show_in_address_list": true,
            "state": "",
            "street_address": "",
            "surname": "",
            "timeouts": null,
            "usage_location": "",
            "user_principal_name": "admindbz2@sadkofftut.onmicrosoft.com",
            "user_type": ""
          },
          "sensitive_attributes": [
            [
              {
                "type": "get_attr",
                "value": "password"
              }
            ]
          ],
          "private": "eyJlMmJmYjczMC1lY2FhLTExZTYtOGY4OC0zNDM2M2JjN2M0YzAiOnsiY3JlYXRlIjozMDAwMDAwMDAwMDAsImRlbGV0ZSI6MzAwMDAwMDAwMDAwLCJyZWFkIjozMDAwMDAwMDAwMDAsInVwZGF0ZSI6MzAwMDAwMDAwMDAwfSwic2NoZW1hX3ZlcnNpb24iOiIxIn0="
        }
      ]
    }
  ],
  "check_results": null
}
